// !$*UTF8*$!
{
	archiveVersion = 1;
	classes = {
	};
	objectVersion = 46;
	objects = {

/* Begin PBXBuildFile section */
		2995837581969B2F6F547300 /* libPods-MapBuildingDemo.a in Frameworks */ = {isa = PBXBuildFile; fileRef = 69BC24F3E90872D49F785C2E /* libPods-MapBuildingDemo.a */; };
		5D66137C8025528D8CE878D1 /* libPods-MapBuildingDemo-swift.a in Frameworks */ = {isa = PBXBuildFile; fileRef = 731AFF0D04CFDB61C9E105EC /* libPods-MapBuildingDemo-swift.a */; };
		81EE31E91DCB2CD8004D14D4 /* main.m in Sources */ = {isa = PBXBuildFile; fileRef = 81EE31E81DCB2CD8004D14D4 /* main.m */; };
		81EE31EC1DCB2CD8004D14D4 /* AppDelegate.m in Sources */ = {isa = PBXBuildFile; fileRef = 81EE31EB1DCB2CD8004D14D4 /* AppDelegate.m */; };
		81EE31EF1DCB2CD8004D14D4 /* ViewController.m in Sources */ = {isa = PBXBuildFile; fileRef = 81EE31EE1DCB2CD8004D14D4 /* ViewController.m */; };
		81EE31F21DCB2CD8004D14D4 /* Main.storyboard in Resources */ = {isa = PBXBuildFile; fileRef = 81EE31F01DCB2CD8004D14D4 /* Main.storyboard */; };
		81EE31F41DCB2CD8004D14D4 /* Assets.xcassets in Resources */ = {isa = PBXBuildFile; fileRef = 81EE31F31DCB2CD8004D14D4 /* Assets.xcassets */; };
		81EE31F71DCB2CD8004D14D4 /* LaunchScreen.storyboard in Resources */ = {isa = PBXBuildFile; fileRef = 81EE31F51DCB2CD8004D14D4 /* LaunchScreen.storyboard */; };
		D96AE6EE1DF9443200E465F9 /* AppDelegate.swift in Sources */ = {isa = PBXBuildFile; fileRef = D96AE6ED1DF9443200E465F9 /* AppDelegate.swift */; };
		D96AE6F01DF9443200E465F9 /* ViewController.swift in Sources */ = {isa = PBXBuildFile; fileRef = D96AE6EF1DF9443200E465F9 /* ViewController.swift */; };
		D96AE6F31DF9443200E465F9 /* Main.storyboard in Resources */ = {isa = PBXBuildFile; fileRef = D96AE6F11DF9443200E465F9 /* Main.storyboard */; };
		D96AE6F51DF9443200E465F9 /* Assets.xcassets in Resources */ = {isa = PBXBuildFile; fileRef = D96AE6F41DF9443200E465F9 /* Assets.xcassets */; };
		D96AE6F81DF9443200E465F9 /* LaunchScreen.storyboard in Resources */ = {isa = PBXBuildFile; fileRef = D96AE6F61DF9443200E465F9 /* LaunchScreen.storyboard */; };
/* End PBXBuildFile section */

/* Begin PBXFileReference section */
		1269CAD53656D4384063CDB6 /* Pods-MapBuildingDemo.release.xcconfig */ = {isa = PBXFileReference; includeInIndex = 1; lastKnownFileType = text.xcconfig; name = "Pods-MapBuildingDemo.release.xcconfig"; path = "Pods/Target Support Files/Pods-MapBuildingDemo/Pods-MapBuildingDemo.release.xcconfig"; sourceTree = "<group>"; };
		1DFE1571558050A97550EBB5 /* Pods-MapBuildingDemo-swift.debug.xcconfig */ = {isa = PBXFileReference; includeInIndex = 1; lastKnownFileType = text.xcconfig; name = "Pods-MapBuildingDemo-swift.debug.xcconfig"; path = "Pods/Target Support Files/Pods-MapBuildingDemo-swift/Pods-MapBuildingDemo-swift.debug.xcconfig"; sourceTree = "<group>"; };
		69BC24F3E90872D49F785C2E /* libPods-MapBuildingDemo.a */ = {isa = PBXFileReference; explicitFileType = archive.ar; includeInIndex = 0; path = "libPods-MapBuildingDemo.a"; sourceTree = BUILT_PRODUCTS_DIR; };
		731AFF0D04CFDB61C9E105EC /* libPods-MapBuildingDemo-swift.a */ = {isa = PBXFileReference; explicitFileType = archive.ar; includeInIndex = 0; path = "libPods-MapBuildingDemo-swift.a"; sourceTree = BUILT_PRODUCTS_DIR; };
		7716DF946D0C1B703D5DE13F /* Pods-MapBuildingDemo.debug.xcconfig */ = {isa = PBXFileReference; includeInIndex = 1; lastKnownFileType = text.xcconfig; name = "Pods-MapBuildingDemo.debug.xcconfig"; path = "Pods/Target Support Files/Pods-MapBuildingDemo/Pods-MapBuildingDemo.debug.xcconfig"; sourceTree = "<group>"; };
		81EE31E41DCB2CD8004D14D4 /* MapBuildingDemo.app */ = {isa = PBXFileReference; explicitFileType = wrapper.application; includeInIndex = 0; path = MapBuildingDemo.app; sourceTree = BUILT_PRODUCTS_DIR; };
		81EE31E81DCB2CD8004D14D4 /* main.m */ = {isa = PBXFileReference; lastKnownFileType = sourcecode.c.objc; path = main.m; sourceTree = "<group>"; };
		81EE31EA1DCB2CD8004D14D4 /* AppDelegate.h */ = {isa = PBXFileReference; lastKnownFileType = sourcecode.c.h; path = AppDelegate.h; sourceTree = "<group>"; };
		81EE31EB1DCB2CD8004D14D4 /* AppDelegate.m */ = {isa = PBXFileReference; lastKnownFileType = sourcecode.c.objc; path = AppDelegate.m; sourceTree = "<group>"; };
		81EE31ED1DCB2CD8004D14D4 /* ViewController.h */ = {isa = PBXFileReference; lastKnownFileType = sourcecode.c.h; path = ViewController.h; sourceTree = "<group>"; };
		81EE31EE1DCB2CD8004D14D4 /* ViewController.m */ = {isa = PBXFileReference; lastKnownFileType = sourcecode.c.objc; path = ViewController.m; sourceTree = "<group>"; };
		81EE31F11DCB2CD8004D14D4 /* Base */ = {isa = PBXFileReference; lastKnownFileType = file.storyboard; name = Base; path = Base.lproj/Main.storyboard; sourceTree = "<group>"; };
		81EE31F31DCB2CD8004D14D4 /* Assets.xcassets */ = {isa = PBXFileReference; lastKnownFileType = folder.assetcatalog; path = Assets.xcassets; sourceTree = "<group>"; };
		81EE31F61DCB2CD8004D14D4 /* Base */ = {isa = PBXFileReference; lastKnownFileType = file.storyboard; name = Base; path = Base.lproj/LaunchScreen.storyboard; sourceTree = "<group>"; };
		81EE31F81DCB2CD8004D14D4 /* Info.plist */ = {isa = PBXFileReference; lastKnownFileType = text.plist.xml; path = Info.plist; sourceTree = "<group>"; };
		D4818BB9766FB75EA97DA072 /* Pods-MapBuildingDemo-swift.release.xcconfig */ = {isa = PBXFileReference; includeInIndex = 1; lastKnownFileType = text.xcconfig; name = "Pods-MapBuildingDemo-swift.release.xcconfig"; path = "Pods/Target Support Files/Pods-MapBuildingDemo-swift/Pods-MapBuildingDemo-swift.release.xcconfig"; sourceTree = "<group>"; };
		D96AE6EB1DF9443200E465F9 /* MapBuildingDemo-swift.app */ = {isa = PBXFileReference; explicitFileType = wrapper.application; includeInIndex = 0; path = "MapBuildingDemo-swift.app"; sourceTree = BUILT_PRODUCTS_DIR; };
		D96AE6ED1DF9443200E465F9 /* AppDelegate.swift */ = {isa = PBXFileReference; lastKnownFileType = sourcecode.swift; path = AppDelegate.swift; sourceTree = "<group>"; };
		D96AE6EF1DF9443200E465F9 /* ViewController.swift */ = {isa = PBXFileReference; lastKnownFileType = sourcecode.swift; path = ViewController.swift; sourceTree = "<group>"; };
		D96AE6F21DF9443200E465F9 /* Base */ = {isa = PBXFileReference; lastKnownFileType = file.storyboard; name = Base; path = Base.lproj/Main.storyboard; sourceTree = "<group>"; };
		D96AE6F41DF9443200E465F9 /* Assets.xcassets */ = {isa = PBXFileReference; lastKnownFileType = folder.assetcatalog; path = Assets.xcassets; sourceTree = "<group>"; };
		D96AE6F71DF9443200E465F9 /* Base */ = {isa = PBXFileReference; lastKnownFileType = file.storyboard; name = Base; path = Base.lproj/LaunchScreen.storyboard; sourceTree = "<group>"; };
		D96AE6F91DF9443200E465F9 /* Info.plist */ = {isa = PBXFileReference; lastKnownFileType = text.plist.xml; path = Info.plist; sourceTree = "<group>"; };
		D96AE6FD1DF944A300E465F9 /* Swift-Bridging-Header.h */ = {isa = PBXFileReference; lastKnownFileType = sourcecode.c.h; path = "Swift-Bridging-Header.h"; sourceTree = "<group>"; };
/* End PBXFileReference section */

/* Begin PBXFrameworksBuildPhase section */
		81EE31E11DCB2CD8004D14D4 /* Frameworks */ = {
			isa = PBXFrameworksBuildPhase;
			buildActionMask = 2147483647;
			files = (
				2995837581969B2F6F547300 /* libPods-MapBuildingDemo.a in Frameworks */,
			);
			runOnlyForDeploymentPostprocessing = 0;
		};
		D96AE6E81DF9443200E465F9 /* Frameworks */ = {
			isa = PBXFrameworksBuildPhase;
			buildActionMask = 2147483647;
			files = (
				5D66137C8025528D8CE878D1 /* libPods-MapBuildingDemo-swift.a in Frameworks */,
			);
			runOnlyForDeploymentPostprocessing = 0;
		};
/* End PBXFrameworksBuildPhase section */

/* Begin PBXGroup section */
		34539DFCE3E36C7D585FD2A9 /* Pods */ = {
			isa = PBXGroup;
			children = (
				7716DF946D0C1B703D5DE13F /* Pods-MapBuildingDemo.debug.xcconfig */,
				1269CAD53656D4384063CDB6 /* Pods-MapBuildingDemo.release.xcconfig */,
				1DFE1571558050A97550EBB5 /* Pods-MapBuildingDemo-swift.debug.xcconfig */,
				D4818BB9766FB75EA97DA072 /* Pods-MapBuildingDemo-swift.release.xcconfig */,
			);
			name = Pods;
			sourceTree = "<group>";
		};
		81EE31DB1DCB2CD8004D14D4 = {
			isa = PBXGroup;
			children = (
				81EE31E61DCB2CD8004D14D4 /* MapBuildingDemo */,
				D96AE6EC1DF9443200E465F9 /* MapBuildingDemo-swift */,
				81EE31E51DCB2CD8004D14D4 /* Products */,
				34539DFCE3E36C7D585FD2A9 /* Pods */,
				EE62255EC67A8D1CB71165C2 /* Frameworks */,
			);
			sourceTree = "<group>";
		};
		81EE31E51DCB2CD8004D14D4 /* Products */ = {
			isa = PBXGroup;
			children = (
				81EE31E41DCB2CD8004D14D4 /* MapBuildingDemo.app */,
				D96AE6EB1DF9443200E465F9 /* MapBuildingDemo-swift.app */,
			);
			name = Products;
			sourceTree = "<group>";
		};
		81EE31E61DCB2CD8004D14D4 /* MapBuildingDemo */ = {
			isa = PBXGroup;
			children = (
				81EE31EA1DCB2CD8004D14D4 /* AppDelegate.h */,
				81EE31EB1DCB2CD8004D14D4 /* AppDelegate.m */,
				81EE31ED1DCB2CD8004D14D4 /* ViewController.h */,
				81EE31EE1DCB2CD8004D14D4 /* ViewController.m */,
				81EE31F01DCB2CD8004D14D4 /* Main.storyboard */,
				81EE31F31DCB2CD8004D14D4 /* Assets.xcassets */,
				81EE31F51DCB2CD8004D14D4 /* LaunchScreen.storyboard */,
				81EE31F81DCB2CD8004D14D4 /* Info.plist */,
				81EE31E71DCB2CD8004D14D4 /* Supporting Files */,
			);
			path = MapBuildingDemo;
			sourceTree = "<group>";
		};
		81EE31E71DCB2CD8004D14D4 /* Supporting Files */ = {
			isa = PBXGroup;
			children = (
				81EE31E81DCB2CD8004D14D4 /* main.m */,
			);
			name = "Supporting Files";
			sourceTree = "<group>";
		};
		D96AE6EC1DF9443200E465F9 /* MapBuildingDemo-swift */ = {
			isa = PBXGroup;
			children = (
				D96AE6ED1DF9443200E465F9 /* AppDelegate.swift */,
				D96AE6EF1DF9443200E465F9 /* ViewController.swift */,
				D96AE6FD1DF944A300E465F9 /* Swift-Bridging-Header.h */,
				D96AE6F11DF9443200E465F9 /* Main.storyboard */,
				D96AE6F41DF9443200E465F9 /* Assets.xcassets */,
				D96AE6F61DF9443200E465F9 /* LaunchScreen.storyboard */,
				D96AE6F91DF9443200E465F9 /* Info.plist */,
			);
			path = "MapBuildingDemo-swift";
			sourceTree = "<group>";
		};
		EE62255EC67A8D1CB71165C2 /* Frameworks */ = {
			isa = PBXGroup;
			children = (
				69BC24F3E90872D49F785C2E /* libPods-MapBuildingDemo.a */,
				731AFF0D04CFDB61C9E105EC /* libPods-MapBuildingDemo-swift.a */,
			);
			name = Frameworks;
			sourceTree = "<group>";
		};
/* End PBXGroup section */

/* Begin PBXNativeTarget section */
		81EE31E31DCB2CD8004D14D4 /* MapBuildingDemo */ = {
			isa = PBXNativeTarget;
			buildConfigurationList = 81EE31FB1DCB2CD8004D14D4 /* Build configuration list for PBXNativeTarget "MapBuildingDemo" */;
			buildPhases = (
				F141633CA9EF0CE003013C24 /* [CP] Check Pods Manifest.lock */,
				81EE31E01DCB2CD8004D14D4 /* Sources */,
				81EE31E11DCB2CD8004D14D4 /* Frameworks */,
				81EE31E21DCB2CD8004D14D4 /* Resources */,
				886612007130C119ACB5AACB /* [CP] Embed Pods Frameworks */,
				B3444265E922AA6E443C20A7 /* [CP] Copy Pods Resources */,
			);
			buildRules = (
			);
			dependencies = (
			);
			name = MapBuildingDemo;
			productName = MapBuildingDemo;
			productReference = 81EE31E41DCB2CD8004D14D4 /* MapBuildingDemo.app */;
			productType = "com.apple.product-type.application";
		};
		D96AE6EA1DF9443200E465F9 /* MapBuildingDemo-swift */ = {
			isa = PBXNativeTarget;
			buildConfigurationList = D96AE6FC1DF9443200E465F9 /* Build configuration list for PBXNativeTarget "MapBuildingDemo-swift" */;
			buildPhases = (
				A01E78F70AA6598A33B247E1 /* [CP] Check Pods Manifest.lock */,
				D96AE6E71DF9443200E465F9 /* Sources */,
				D96AE6E81DF9443200E465F9 /* Frameworks */,
				D96AE6E91DF9443200E465F9 /* Resources */,
				CBFF3301B3D95B5B165D7E53 /* [CP] Embed Pods Frameworks */,
				9E3A7CC3DC78622D9F0D4CD1 /* [CP] Copy Pods Resources */,
			);
			buildRules = (
			);
			dependencies = (
			);
			name = "MapBuildingDemo-swift";
			productName = "MapBuildingDemo-swift";
			productReference = D96AE6EB1DF9443200E465F9 /* MapBuildingDemo-swift.app */;
			productType = "com.apple.product-type.application";
		};
/* End PBXNativeTarget section */

/* Begin PBXProject section */
		81EE31DC1DCB2CD8004D14D4 /* Project object */ = {
			isa = PBXProject;
			attributes = {
				LastSwiftUpdateCheck = 0810;
				LastUpgradeCheck = 0810;
				ORGANIZATIONNAME = AutoNavi;
				TargetAttributes = {
					81EE31E31DCB2CD8004D14D4 = {
						CreatedOnToolsVersion = 8.1;
						DevelopmentTeam = YMJ372W38W;
						ProvisioningStyle = Manual;
					};
					D96AE6EA1DF9443200E465F9 = {
						CreatedOnToolsVersion = 8.1;
						DevelopmentTeam = YMJ372W38W;
						ProvisioningStyle = Manual;
					};
				};
			};
			buildConfigurationList = 81EE31DF1DCB2CD8004D14D4 /* Build configuration list for PBXProject "MapBuildingDemo" */;
			compatibilityVersion = "Xcode 3.2";
			developmentRegion = English;
			hasScannedForEncodings = 0;
			knownRegions = (
				en,
				Base,
			);
			mainGroup = 81EE31DB1DCB2CD8004D14D4;
			productRefGroup = 81EE31E51DCB2CD8004D14D4 /* Products */;
			projectDirPath = "";
			projectRoot = "";
			targets = (
				81EE31E31DCB2CD8004D14D4 /* MapBuildingDemo */,
				D96AE6EA1DF9443200E465F9 /* MapBuildingDemo-swift */,
			);
		};
/* End PBXProject section */

/* Begin PBXResourcesBuildPhase section */
		81EE31E21DCB2CD8004D14D4 /* Resources */ = {
			isa = PBXResourcesBuildPhase;
			buildActionMask = 2147483647;
			files = (
				81EE31F71DCB2CD8004D14D4 /* LaunchScreen.storyboard in Resources */,
				81EE31F41DCB2CD8004D14D4 /* Assets.xcassets in Resources */,
				81EE31F21DCB2CD8004D14D4 /* Main.storyboard in Resources */,
			);
			runOnlyForDeploymentPostprocessing = 0;
		};
		D96AE6E91DF9443200E465F9 /* Resources */ = {
			isa = PBXResourcesBuildPhase;
			buildActionMask = 2147483647;
			files = (
				D96AE6F81DF9443200E465F9 /* LaunchScreen.storyboard in Resources */,
				D96AE6F51DF9443200E465F9 /* Assets.xcassets in Resources */,
				D96AE6F31DF9443200E465F9 /* Main.storyboard in Resources */,
			);
			runOnlyForDeploymentPostprocessing = 0;
		};
/* End PBXResourcesBuildPhase section */

/* Begin PBXShellScriptBuildPhase section */
		886612007130C119ACB5AACB /* [CP] Embed Pods Frameworks */ = {
			isa = PBXShellScriptBuildPhase;
			buildActionMask = 2147483647;
			files = (
			);
			inputPaths = (
			);
			name = "[CP] Embed Pods Frameworks";
			outputPaths = (
			);
			runOnlyForDeploymentPostprocessing = 0;
			shellPath = /bin/sh;
			shellScript = "\"${SRCROOT}/Pods/Target Support Files/Pods-MapBuildingDemo/Pods-MapBuildingDemo-frameworks.sh\"\n";
			showEnvVarsInLog = 0;
		};
		9E3A7CC3DC78622D9F0D4CD1 /* [CP] Copy Pods Resources */ = {
			isa = PBXShellScriptBuildPhase;
			buildActionMask = 2147483647;
			files = (
			);
			inputPaths = (
			);
			name = "[CP] Copy Pods Resources";
			outputPaths = (
			);
			runOnlyForDeploymentPostprocessing = 0;
			shellPath = /bin/sh;
			shellScript = "\"${SRCROOT}/Pods/Target Support Files/Pods-MapBuildingDemo-swift/Pods-MapBuildingDemo-swift-resources.sh\"\n";
			showEnvVarsInLog = 0;
		};
		A01E78F70AA6598A33B247E1 /* [CP] Check Pods Manifest.lock */ = {
			isa = PBXShellScriptBuildPhase;
			buildActionMask = 2147483647;
			files = (
			);
			inputPaths = (
			);
			name = "[CP] Check Pods Manifest.lock";
			outputPaths = (
			);
			runOnlyForDeploymentPostprocessing = 0;
			shellPath = /bin/sh;
			shellScript = "diff \"${PODS_ROOT}/../Podfile.lock\" \"${PODS_ROOT}/Manifest.lock\" > /dev/null\nif [ $? != 0 ] ; then\n    # print error to STDERR\n    echo \"error: The sandbox is not in sync with the Podfile.lock. Run 'pod install' or update your CocoaPods installation.\" >&2\n    exit 1\nfi\n";
			showEnvVarsInLog = 0;
		};
		B3444265E922AA6E443C20A7 /* [CP] Copy Pods Resources */ = {
			isa = PBXShellScriptBuildPhase;
			buildActionMask = 2147483647;
			files = (
			);
			inputPaths = (
			);
			name = "[CP] Copy Pods Resources";
			outputPaths = (
			);
			runOnlyForDeploymentPostprocessing = 0;
			shellPath = /bin/sh;
			shellScript = "\"${SRCROOT}/Pods/Target Support Files/Pods-MapBuildingDemo/Pods-MapBuildingDemo-resources.sh\"\n";
			showEnvVarsInLog = 0;
		};
		CBFF3301B3D95B5B165D7E53 /* [CP] Embed Pods Frameworks */ = {
			isa = PBXShellScriptBuildPhase;
			buildActionMask = 2147483647;
			files = (
			);
			inputPaths = (
			);
			name = "[CP] Embed Pods Frameworks";
			outputPaths = (
			);
			runOnlyForDeploymentPostprocessing = 0;
			shellPath = /bin/sh;
			shellScript = "\"${SRCROOT}/Pods/Target Support Files/Pods-MapBuildingDemo-swift/Pods-MapBuildingDemo-swift-frameworks.sh\"\n";
			showEnvVarsInLog = 0;
		};
		F141633CA9EF0CE003013C24 /* [CP] Check Pods Manifest.lock */ = {
			isa = PBXShellScriptBuildPhase;
			buildActionMask = 2147483647;
			files = (
			);
			inputPaths = (
			);
			name = "[CP] Check Pods Manifest.lock";
			outputPaths = (
			);
			runOnlyForDeploymentPostprocessing = 0;
			shellPath = /bin/sh;
			shellScript = "diff \"${PODS_ROOT}/../Podfile.lock\" \"${PODS_ROOT}/Manifest.lock\" > /dev/null\nif [ $? != 0 ] ; then\n    # print error to STDERR\n    echo \"error: The sandbox is not in sync with the Podfile.lock. Run 'pod install' or update your CocoaPods installation.\" >&2\n    exit 1\nfi\n";
			showEnvVarsInLog = 0;
		};
/* End PBXShellScriptBuildPhase section */

/* Begin PBXSourcesBuildPhase section */
		81EE31E01DCB2CD8004D14D4 /* Sources */ = {
			isa = PBXSourcesBuildPhase;
			buildActionMask = 2147483647;
			files = (
				81EE31EF1DCB2CD8004D14D4 /* ViewController.m in Sources */,
				81EE31EC1DCB2CD8004D14D4 /* AppDelegate.m in Sources */,
				81EE31E91DCB2CD8004D14D4 /* main.m in Sources */,
			);
			runOnlyForDeploymentPostprocessing = 0;
		};
		D96AE6E71DF9443200E465F9 /* Sources */ = {
			isa = PBXSourcesBuildPhase;
			buildActionMask = 2147483647;
			files = (
				D96AE6F01DF9443200E465F9 /* ViewController.swift in Sources */,
				D96AE6EE1DF9443200E465F9 /* AppDelegate.swift in Sources */,
			);
			runOnlyForDeploymentPostprocessing = 0;
		};
/* End PBXSourcesBuildPhase section */

/* Begin PBXVariantGroup section */
		81EE31F01DCB2CD8004D14D4 /* Main.storyboard */ = {
			isa = PBXVariantGroup;
			children = (
				81EE31F11DCB2CD8004D14D4 /* Base */,
			);
			name = Main.storyboard;
			sourceTree = "<group>";
		};
		81EE31F51DCB2CD8004D14D4 /* LaunchScreen.storyboard */ = {
			isa = PBXVariantGroup;
			children = (
				81EE31F61DCB2CD8004D14D4 /* Base */,
			);
			name = LaunchScreen.storyboard;
			sourceTree = "<group>";
		};
		D96AE6F11DF9443200E465F9 /* Main.storyboard */ = {
			isa = PBXVariantGroup;
			children = (
				D96AE6F21DF9443200E465F9 /* Base */,
			);
			name = Main.storyboard;
			sourceTree = "<group>";
		};
		D96AE6F61DF9443200E465F9 /* LaunchScreen.storyboard */ = {
			isa = PBXVariantGroup;
			children = (
				D96AE6F71DF9443200E465F9 /* Base */,
			);
			name = LaunchScreen.storyboard;
			sourceTree = "<group>";
		};
/* End PBXVariantGroup section */

/* Begin XCBuildConfiguration section */
		81EE31F91DCB2CD8004D14D4 /* Debug */ = {
			isa = XCBuildConfiguration;
			buildSettings = {
				ALWAYS_SEARCH_USER_PATHS = NO;
				CLANG_ANALYZER_NONNULL = YES;
				CLANG_CXX_LANGUAGE_STANDARD = "gnu++0x";
				CLANG_CXX_LIBRARY = "libc++";
				CLANG_ENABLE_MODULES = YES;
				CLANG_ENABLE_OBJC_ARC = YES;
				CLANG_WARN_BOOL_CONVERSION = YES;
				CLANG_WARN_CONSTANT_CONVERSION = YES;
				CLANG_WARN_DIRECT_OBJC_ISA_USAGE = YES_ERROR;
				CLANG_WARN_DOCUMENTATION_COMMENTS = YES;
				CLANG_WARN_EMPTY_BODY = YES;
				CLANG_WARN_ENUM_CONVERSION = YES;
				CLANG_WARN_INFINITE_RECURSION = YES;
				CLANG_WARN_INT_CONVERSION = YES;
				CLANG_WARN_OBJC_ROOT_CLASS = YES_ERROR;
				CLANG_WARN_SUSPICIOUS_MOVE = YES;
				CLANG_WARN_SUSPICIOUS_MOVES = YES;
				CLANG_WARN_UNREACHABLE_CODE = YES;
				CLANG_WARN__DUPLICATE_METHOD_MATCH = YES;
				"CODE_SIGN_IDENTITY[sdk=iphoneos*]" = "iPhone Developer";
				COPY_PHASE_STRIP = NO;
				DEBUG_INFORMATION_FORMAT = dwarf;
				ENABLE_STRICT_OBJC_MSGSEND = YES;
				ENABLE_TESTABILITY = YES;
				GCC_C_LANGUAGE_STANDARD = gnu99;
				GCC_DYNAMIC_NO_PIC = NO;
				GCC_NO_COMMON_BLOCKS = YES;
				GCC_OPTIMIZATION_LEVEL = 0;
				GCC_PREPROCESSOR_DEFINITIONS = (
					"DEBUG=1",
					"$(inherited)",
				);
				GCC_WARN_64_TO_32_BIT_CONVERSION = YES;
				GCC_WARN_ABOUT_RETURN_TYPE = YES_ERROR;
				GCC_WARN_UNDECLARED_SELECTOR = YES;
				GCC_WARN_UNINITIALIZED_AUTOS = YES_AGGRESSIVE;
				GCC_WARN_UNUSED_FUNCTION = YES;
				GCC_WARN_UNUSED_VARIABLE = YES;
				IPHONEOS_DEPLOYMENT_TARGET = 10.1;
				MTL_ENABLE_DEBUG_INFO = YES;
				ONLY_ACTIVE_ARCH = YES;
				SDKROOT = iphoneos;
			};
			name = Debug;
		};
		81EE31FA1DCB2CD8004D14D4 /* Release */ = {
			isa = XCBuildConfiguration;
			buildSettings = {
				ALWAYS_SEARCH_USER_PATHS = NO;
				CLANG_ANALYZER_NONNULL = YES;
				CLANG_CXX_LANGUAGE_STANDARD = "gnu++0x";
				CLANG_CXX_LIBRARY = "libc++";
				CLANG_ENABLE_MODULES = YES;
				CLANG_ENABLE_OBJC_ARC = YES;
				CLANG_WARN_BOOL_CONVERSION = YES;
				CLANG_WARN_CONSTANT_CONVERSION = YES;
				CLANG_WARN_DIRECT_OBJC_ISA_USAGE = YES_ERROR;
				CLANG_WARN_DOCUMENTATION_COMMENTS = YES;
				CLANG_WARN_EMPTY_BODY = YES;
				CLANG_WARN_ENUM_CONVERSION = YES;
				CLANG_WARN_INFINITE_RECURSION = YES;
				CLANG_WARN_INT_CONVERSION = YES;
				CLANG_WARN_OBJC_ROOT_CLASS = YES_ERROR;
				CLANG_WARN_SUSPICIOUS_MOVE = YES;
				CLANG_WARN_SUSPICIOUS_MOVES = YES;
				CLANG_WARN_UNREACHABLE_CODE = YES;
				CLANG_WARN__DUPLICATE_METHOD_MATCH = YES;
				"CODE_SIGN_IDENTITY[sdk=iphoneos*]" = "iPhone Developer";
				COPY_PHASE_STRIP = NO;
				DEBUG_INFORMATION_FORMAT = "dwarf-with-dsym";
				ENABLE_NS_ASSERTIONS = NO;
				ENABLE_STRICT_OBJC_MSGSEND = YES;
				GCC_C_LANGUAGE_STANDARD = gnu99;
				GCC_NO_COMMON_BLOCKS = YES;
				GCC_WARN_64_TO_32_BIT_CONVERSION = YES;
				GCC_WARN_ABOUT_RETURN_TYPE = YES_ERROR;
				GCC_WARN_UNDECLARED_SELECTOR = YES;
				GCC_WARN_UNINITIALIZED_AUTOS = YES_AGGRESSIVE;
				GCC_WARN_UNUSED_FUNCTION = YES;
				GCC_WARN_UNUSED_VARIABLE = YES;
				IPHONEOS_DEPLOYMENT_TARGET = 10.1;
				MTL_ENABLE_DEBUG_INFO = NO;
				SDKROOT = iphoneos;
				VALIDATE_PRODUCT = YES;
			};
			name = Release;
		};
		81EE31FC1DCB2CD8004D14D4 /* Debug */ = {
			isa = XCBuildConfiguration;
			baseConfigurationReference = 7716DF946D0C1B703D5DE13F /* Pods-MapBuildingDemo.debug.xcconfig */;
			buildSettings = {
				ASSETCATALOG_COMPILER_APPICON_NAME = AppIcon;
				DEVELOPMENT_TEAM = YMJ372W38W;
				INFOPLIST_FILE = MapBuildingDemo/Info.plist;
				IPHONEOS_DEPLOYMENT_TARGET = 8.0;
				LD_RUNPATH_SEARCH_PATHS = "$(inherited) @executable_path/Frameworks";
				PRODUCT_BUNDLE_IDENTIFIER = com.autonavi.MapBuildingDemo;
				PRODUCT_NAME = "$(TARGET_NAME)";
				PROVISIONING_PROFILE = "8014ae4e-33b6-4937-87e3-3725a2aad4f7";
				PROVISIONING_PROFILE_SPECIFIER = openPlatform_development;
			};
			name = Debug;
		};
		81EE31FD1DCB2CD8004D14D4 /* Release */ = {
			isa = XCBuildConfiguration;
			baseConfigurationReference = 1269CAD53656D4384063CDB6 /* Pods-MapBuildingDemo.release.xcconfig */;
			buildSettings = {
				ASSETCATALOG_COMPILER_APPICON_NAME = AppIcon;
				"CODE_SIGN_IDENTITY[sdk=iphoneos*]" = "iPhone Distribution";
				DEVELOPMENT_TEAM = YMJ372W38W;
				INFOPLIST_FILE = MapBuildingDemo/Info.plist;
				IPHONEOS_DEPLOYMENT_TARGET = 8.0;
				LD_RUNPATH_SEARCH_PATHS = "$(inherited) @executable_path/Frameworks";
				PRODUCT_BUNDLE_IDENTIFIER = com.autonavi.MapBuildingDemo;
				PRODUCT_NAME = "$(TARGET_NAME)";
				PROVISIONING_PROFILE = "a892512d-fe94-4702-b716-0b66880b936d";
				PROVISIONING_PROFILE_SPECIFIER = openPlatformInhouse;
			};
			name = Release;
		};
		D96AE6FA1DF9443200E465F9 /* Debug */ = {
			isa = XCBuildConfiguration;
			baseConfigurationReference = 1DFE1571558050A97550EBB5 /* Pods-MapBuildingDemo-swift.debug.xcconfig */;
			buildSettings = {
				ASSETCATALOG_COMPILER_APPICON_NAME = AppIcon;
				DEVELOPMENT_TEAM = YMJ372W38W;
				INFOPLIST_FILE = "MapBuildingDemo-swift/Info.plist";
				IPHONEOS_DEPLOYMENT_TARGET = 8.0;
				LD_RUNPATH_SEARCH_PATHS = "$(inherited) @executable_path/Frameworks";
				PRODUCT_BUNDLE_IDENTIFIER = com.autonavi.MapBuildingDemo;
				PRODUCT_NAME = "$(TARGET_NAME)";
				PROVISIONING_PROFILE = "8014ae4e-33b6-4937-87e3-3725a2aad4f7";
				PROVISIONING_PROFILE_SPECIFIER = openPlatform_development;
				SWIFT_ACTIVE_COMPILATION_CONDITIONS = DEBUG;
				SWIFT_OBJC_BRIDGING_HEADER = "./MapBuildingDemo-swift/Swift-Bridging-Header.h";
				SWIFT_OPTIMIZATION_LEVEL = "-Onone";
				SWIFT_VERSION = 3.0;
			};
			name = Debug;
		};
		D96AE6FB1DF9443200E465F9 /* Release */ = {
			isa = XCBuildConfiguration;
			baseConfigurationReference = D4818BB9766FB75EA97DA072 /* Pods-MapBuildingDemo-swift.release.xcconfig */;
			buildSettings = {
				ASSETCATALOG_COMPILER_APPICON_NAME = AppIcon;
				"CODE_SIGN_IDENTITY[sdk=iphoneos*]" = "iPhone Distribution";
				DEVELOPMENT_TEAM = YMJ372W38W;
				INFOPLIST_FILE = "MapBuildingDemo-swift/Info.plist";
				IPHONEOS_DEPLOYMENT_TARGET = 8.0;
				LD_RUNPATH_SEARCH_PATHS = "$(inherited) @executable_path/Frameworks";
				PRODUCT_BUNDLE_IDENTIFIER = com.autonavi.MapBuildingDemo;
				PRODUCT_NAME = "$(TARGET_NAME)";
				PROVISIONING_PROFILE = "a892512d-fe94-4702-b716-0b66880b936d";
				PROVISIONING_PROFILE_SPECIFIER = openPlatformInhouse;
				SWIFT_OBJC_BRIDGING_HEADER = "./MapBuildingDemo-swift/Swift-Bridging-Header.h";
				SWIFT_OPTIMIZATION_LEVEL = "-Owholemodule";
				SWIFT_VERSION = 3.0;
			};
			name = Release;
		};
/* End XCBuildConfiguration section */

/* Begin XCConfigurationList section */
		81EE31DF1DCB2CD8004D14D4 /* Build configuration list for PBXProject "MapBuildingDemo" */ = {
			isa = XCConfigurationList;
			buildConfigurations = (
				81EE31F91DCB2CD8004D14D4 /* Debug */,
				81EE31FA1DCB2CD8004D14D4 /* Release */,
			);
			defaultConfigurationIsVisible = 0;
			defaultConfigurationName = Release;
		};
		81EE31FB1DCB2CD8004D14D4 /* Build configuration list for PBXNativeTarget "MapBuildingDemo" */ = {
			isa = XCConfigurationList;
			buildConfigurations = (
				81EE31FC1DCB2CD8004D14D4 /* Debug */,
				81EE31FD1DCB2CD8004D14D4 /* Release */,
			);
			defaultConfigurationIsVisible = 0;
			defaultConfigurationName = Release;
		};
		D96AE6FC1DF9443200E465F9 /* Build configuration list for PBXNativeTarget "MapBuildingDemo-swift" */ = {
			isa = XCConfigurationList;
			buildConfigurations = (
				D96AE6FA1DF9443200E465F9 /* Debug */,
				D96AE6FB1DF9443200E465F9 /* Release */,
			);
			defaultConfigurationIsVisible = 0;
			defaultConfigurationName = Release;
		};
/* End XCConfigurationList section */
	};
	rootObject = 81EE31DC1DCB2CD8004D14D4 /* Project object */;
}
